// !$*UTF8*$!
{
	archiveVersion = 1;
	classes = {
	};
	objectVersion = 46;
	objects = {

/* Begin PBXBuildFile section */
		BE8263B81B46D10F004ADF1B /* main.swift in Sources */ = {isa = PBXBuildFile; fileRef = BE8263B71B46D10F004ADF1B /* main.swift */; };
/* End PBXBuildFile section */

/* Begin PBXCopyFilesBuildPhase section */
		BE8263B21B46D10F004ADF1B /* CopyFiles */ = {
			isa = PBXCopyFilesBuildPhase;
			buildActionMask = 2147483647;
			dstPath = /usr/share/man/man1/;
			dstSubfolderSpec = 0;
			files = (
			);
			runOnlyForDeploymentPostprocessing = 1;
		};
/* End PBXCopyFilesBuildPhase section */

/* Begin PBXFileReference section */
		BE8263B41B46D10F004ADF1B /* kentya6-readable-code-tsukuba */ = {isa = PBXFileReference; explicitFileType = "compiled.mach-o.executable"; includeInIndex = 0; path = "kentya6-readable-code-tsukuba"; sourceTree = BUILT_PRODUCTS_DIR; };
		BE8263B71B46D10F004ADF1B /* main.swift */ = {isa = PBXFileReference; lastKnownFileType = sourcecode.swift; path = main.swift; sourceTree = "<group>"; };
		BE8263BE1B46D130004ADF1B /* KenRecipe.txt */ = {isa = PBXFileReference; lastKnownFileType = text; path = KenRecipe.txt; sourceTree = "<group>"; };
		BE8263BF1B46D130004ADF1B /* TeraRecipe.txt */ = {isa = PBXFileReference; lastKnownFileType = text; path = TeraRecipe.txt; sourceTree = "<group>"; };
		BE8263C01B46D130004ADF1B /* UsingRecipe.txt */ = {isa = PBXFileReference; lastKnownFileType = text; path = UsingRecipe.txt; sourceTree = "<group>"; };
		BE8263C11B46D130004ADF1B /* BLRecipe.txt */ = {isa = PBXFileReference; lastKnownFileType = text; path = BLRecipe.txt; sourceTree = "<group>"; };
/* End PBXFileReference section */

/* Begin PBXFrameworksBuildPhase section */
		BE8263B11B46D10F004ADF1B /* Frameworks */ = {
			isa = PBXFrameworksBuildPhase;
			buildActionMask = 2147483647;
			files = (
			);
			runOnlyForDeploymentPostprocessing = 0;
		};
/* End PBXFrameworksBuildPhase section */

/* Begin PBXGroup section */
		BE8263AB1B46D10F004ADF1B = {
			isa = PBXGroup;
			children = (
				BE8263B61B46D10F004ADF1B /* kentya6-readable-code-tsukuba */,
				BE8263B51B46D10F004ADF1B /* Products */,
			);
			sourceTree = "<group>";
		};
		BE8263B51B46D10F004ADF1B /* Products */ = {
			isa = PBXGroup;
			children = (
				BE8263B41B46D10F004ADF1B /* kentya6-readable-code-tsukuba */,
			);
			name = Products;
			sourceTree = "<group>";
		};
		BE8263B61B46D10F004ADF1B /* kentya6-readable-code-tsukuba */ = {
			isa = PBXGroup;
			children = (
				BE8263B71B46D10F004ADF1B /* main.swift */,
				BE8263BE1B46D130004ADF1B /* KenRecipe.txt */,
				BE8263BF1B46D130004ADF1B /* TeraRecipe.txt */,
				BE8263C01B46D130004ADF1B /* UsingRecipe.txt */,
				BE8263C11B46D130004ADF1B /* BLRecipe.txt */,
			);
			path = "kentya6-readable-code-tsukuba";
			sourceTree = "<group>";
		};
/* End PBXGroup section */

/* Begin PBXNativeTarget section */
		BE8263B31B46D10F004ADF1B /* kentya6-readable-code-tsukuba */ = {
			isa = PBXNativeTarget;
			buildConfigurationList = BE8263BB1B46D10F004ADF1B /* Build configuration list for PBXNativeTarget "kentya6-readable-code-tsukuba" */;
			buildPhases = (
				BE8263B01B46D10F004ADF1B /* Sources */,
				BE8263B11B46D10F004ADF1B /* Frameworks */,
				BE8263B21B46D10F004ADF1B /* CopyFiles */,
			);
			buildRules = (
			);
			dependencies = (
			);
			name = "kentya6-readable-code-tsukuba";
			productName = "kentya6-readable-code-tsukuba";
			productReference = BE8263B41B46D10F004ADF1B /* kentya6-readable-code-tsukuba */;
			productType = "com.apple.product-type.tool";
		};
/* End PBXNativeTarget section */

/* Begin PBXProject section */
		BE8263AC1B46D10F004ADF1B /* Project object */ = {
			isa = PBXProject;
			attributes = {
				LastUpgradeCheck = 0640;
				ORGANIZATIONNAME = "Kengo Yokoyama";
				TargetAttributes = {
					BE8263B31B46D10F004ADF1B = {
						CreatedOnToolsVersion = 6.4;
					};
				};
			};
			buildConfigurationList = BE8263AF1B46D10F004ADF1B /* Build configuration list for PBXProject "kentya6-readable-code-tsukuba" */;
			compatibilityVersion = "Xcode 3.2";
			developmentRegion = English;
			hasScannedForEncodings = 0;
			knownRegions = (
				en,
			);
			mainGroup = BE8263AB1B46D10F004ADF1B;
			productRefGroup = BE8263B51B46D10F004ADF1B /* Products */;
			projectDirPath = "";
			projectRoot = "";
			targets = (
				BE8263B31B46D10F004ADF1B /* kentya6-readable-code-tsukuba */,
			);
		};
/* End PBXProject section */

/* Begin PBXSourcesBuildPhase section */
		BE8263B01B46D10F004ADF1B /* Sources */ = {
			isa = PBXSourcesBuildPhase;
			buildActionMask = 2147483647;
			files = (
				BE8263B81B46D10F004ADF1B /* main.swift in Sources */,
			);
			runOnlyForDeploymentPostprocessing = 0;
		};
/* End PBXSourcesBuildPhase section */

/* Begin XCBuildConfiguration section */
		BE8263B91B46D10F004ADF1B /* Debug */ = {
			isa = XCBuildConfiguration;
			buildSettings = {
				ALWAYS_SEARCH_USER_PATHS = NO;
				CLANG_CXX_LANGUAGE_STANDARD = "gnu++0x";
				CLANG_CXX_LIBRARY = "libc++";
				CLANG_ENABLE_MODULES = YES;
				CLANG_ENABLE_OBJC_ARC = YES;
				CLANG_WARN_BOOL_CONVERSION = YES;
				CLANG_WARN_CONSTANT_CONVERSION = YES;
				CLANG_WARN_DIRECT_OBJC_ISA_USAGE = YES_ERROR;
				CLANG_WARN_EMPTY_BODY = YES;
				CLANG_WARN_ENUM_CONVERSION = YES;
				CLANG_WARN_INT_CONVERSION = YES;
				CLANG_WARN_OBJC_ROOT_CLASS = YES_ERROR;
				CLANG_WARN_UNREACHABLE_CODE = YES;
				CLANG_WARN__DUPLICATE_METHOD_MATCH = YES;
				COPY_PHASE_STRIP = NO;
				DEBUG_INFORMATION_FORMAT = dwarf;
				ENABLE_STRICT_OBJC_MSGSEND = YES;
				GCC_C_LANGUAGE_STANDARD = gnu99;
				GCC_DYNAMIC_NO_PIC = NO;
				GCC_NO_COMMON_BLOCKS = YES;
				GCC_OPTIMIZATION_LEVEL = 0;
				GCC_PREPROCESSOR_DEFINITIONS = (
					"DEBUG=1",
					"$(inherited)",
				);
				GCC_SYMBOLS_PRIVATE_EXTERN = NO;
				GCC_WARN_64_TO_32_BIT_CONVERSION = YES;
				GCC_WARN_ABOUT_RETURN_TYPE = YES_ERROR;
				GCC_WARN_UNDECLARED_SELECTOR = YES;
				GCC_WARN_UNINITIALIZED_AUTOS = YES_AGGRESSIVE;
				GCC_WARN_UNUSED_FUNCTION = YES;
				GCC_WARN_UNUSED_VARIABLE = YES;
				MACOSX_DEPLOYMENT_TARGET = 10.10;
				MTL_ENABLE_DEBUG_INFO = YES;
				ONLY_ACTIVE_ARCH = YES;
				SDKROOT = macosx;
				SWIFT_OPTIMIZATION_LEVEL = "-Onone";
			};
			name = Debug;
		};
		BE8263BA1B46D10F004ADF1B /* Release */ = {
			isa = XCBuildConfiguration;
			buildSettings = {
				ALWAYS_SEARCH_USER_PATHS = NO;
				CLANG_CXX_LANGUAGE_STANDARD = "gnu++0x";
				CLANG_CXX_LIBRARY = "libc++";
				CLANG_ENABLE_MODULES = YES;
				CLANG_ENABLE_OBJC_ARC = YES;
				CLANG_WARN_BOOL_CONVERSION = YES;
				CLANG_WARN_CONSTANT_CONVERSION = YES;
				CLANG_WARN_DIRECT_OBJC_ISA_USAGE = YES_ERROR;
				CLANG_WARN_EMPTY_BODY = YES;
				CLANG_WARN_ENUM_CONVERSION = YES;
				CLANG_WARN_INT_CONVERSION = YES;
				CLANG_WARN_OBJC_ROOT_CLASS = YES_ERROR;
				CLANG_WARN_UNREACHABLE_CODE = YES;
				CLANG_WARN__DUPLICATE_METHOD_MATCH = YES;
				COPY_PHASE_STRIP = NO;
				DEBUG_INFORMATION_FORMAT = "dwarf-with-dsym";
				ENABLE_NS_ASSERTIONS = NO;
				ENABLE_STRICT_OBJC_MSGSEND = YES;
				GCC_C_LANGUAGE_STANDARD = gnu99;
				GCC_NO_COMMON_BLOCKS = YES;
				GCC_WARN_64_TO_32_BIT_CONVERSION = YES;
				GCC_WARN_ABOUT_RETURN_TYPE = YES_ERROR;
				GCC_WARN_UNDECLARED_SELECTOR = YES;
				GCC_WARN_UNINITIALIZED_AUTOS = YES_AGGRESSIVE;
				GCC_WARN_UNUSED_FUNCTION = YES;
				GCC_WARN_UNUSED_VARIABLE = YES;
				MACOSX_DEPLOYMENT_TARGET = 10.10;
				MTL_ENABLE_DEBUG_INFO = NO;
				SDKROOT = macosx;
			};
			name = Release;
		};
		BE8263BC1B46D10F004ADF1B /* Debug */ = {
			isa = XCBuildConfiguration;
			buildSettings = {
				PRODUCT_NAME = "$(TARGET_NAME)";
			};
			name = Debug;
		};
		BE8263BD1B46D10F004ADF1B /* Release */ = {
			isa = XCBuildConfiguration;
			buildSettings = {
				PRODUCT_NAME = "$(TARGET_NAME)";
			};
			name = Release;
		};
/* End XCBuildConfiguration section */

/* Begin XCConfigurationList section */
		BE8263AF1B46D10F004ADF1B /* Build configuration list for PBXProject "kentya6-readable-code-tsukuba" */ = {
			isa = XCConfigurationList;
			buildConfigurations = (
				BE8263B91B46D10F004ADF1B /* Debug */,
				BE8263BA1B46D10F004ADF1B /* Release */,
			);
			defaultConfigurationIsVisible = 0;
			defaultConfigurationName = Release;
		};
		BE8263BB1B46D10F004ADF1B /* Build configuration list for PBXNativeTarget "kentya6-readable-code-tsukuba" */ = {
			isa = XCConfigurationList;
			buildConfigurations = (
				BE8263BC1B46D10F004ADF1B /* Debug */,
				BE8263BD1B46D10F004ADF1B /* Release */,
			);
			defaultConfigurationIsVisible = 0;
			defaultConfigurationName = Release;
		};
/* End XCConfigurationList section */
	};
	rootObject = BE8263AC1B46D10F004ADF1B /* Project object */;
}
